
Microsoft Visual Studio Solution File, Format Version 12.00
# Visual Studio Version 17
VisualStudioVersion = 17.14.35821.62
MinimumVisualStudioVersion = 10.0.40219.1
Project("{FAE04EC0-301F-11D3-BF4B-00C04F79EFBC}") = "ConsoleSample-cli", "Samples\ConsoleSample-cli\ConsoleSample-cli.csproj", "{BE106203-DFAA-80CC-3BC3-03552F5C5040}"
EndProject
Project("{2150E333-8FDC-42A3-9474-1A3956D46DE8}") = "Libraries", "Libraries", "{02EA681E-C7D8-13C7-8484-4AC65E1B71E8}"
EndProject
Project("{2150E333-8FDC-42A3-9474-1A3956D46DE8}") = "Samples", "Samples", "{15D4F636-9C6A-48DE-8A63-1234E98E8CD8}"
EndProject
Project("{FAE04EC0-301F-11D3-BF4B-00C04F79EFBC}") = "yamvu.core", "Libraries\yamvu.core\yamvu.core.csproj", "{CCE09C0E-7431-4AE4-B6AD-7AB80E9BEA9A}"
EndProject
Project("{2150E333-8FDC-42A3-9474-1A3956D46DE8}") = "Solution Items", "Solution Items", "{8EC462FD-D22E-90A8-E5CE-7E832BA40C5D}"
	ProjectSection(SolutionItems) = preProject
		Directory.Build.props = Directory.Build.props
		Directory.Build.targets = Directory.Build.targets
		Directory.Packages.props = Directory.Packages.props
	EndProjectSection
EndProject
Project("{FAE04EC0-301F-11D3-BF4B-00C04F79EFBC}") = "yamvu", "Libraries\yamvu\yamvu.csproj", "{63F00D92-10BA-48CB-ADC2-71F1CBF486FE}"
EndProject
Project("{FAE04EC0-301F-11D3-BF4B-00C04F79EFBC}") = "CounterAppCore-lib", "Samples\ConsoleSampleMvu-lib\CounterAppCore-lib.csproj", "{69688CE1-C2E7-4AE6-87C8-B2C3CAA19008}"
EndProject
Project("{2150E333-8FDC-42A3-9474-1A3956D46DE8}") = "Console", "Console", "{AF2212B1-E0DE-4B87-B36F-DDA31E936700}"
EndProject
Project("{FAE04EC0-301F-11D3-BF4B-00C04F79EFBC}") = "CounterMvu-lib-test", "Samples\Console\ConsoleSampleMvu-lib-test\CounterMvu-lib-test.csproj", "{BF58B768-278F-4421-8AA4-141AA915923A}"
EndProject
Project("{FAE04EC0-301F-11D3-BF4B-00C04F79EFBC}") = "yamvu.Testing", "Libraries\yamvu.Testing\yamvu.Testing.csproj", "{13267EB4-AA32-48A1-968E-37CAC9C70D95}"
EndProject
Project("{2150E333-8FDC-42A3-9474-1A3956D46DE8}") = "MvuPrograms", "MvuPrograms", "{0E97B37E-40EB-4DCF-8A88-5075F62A4471}"
EndProject
Project("{2150E333-8FDC-42A3-9474-1A3956D46DE8}") = "Apps", "Apps", "{B743B789-F6C5-4005-A000-F68749E35B9A}"
EndProject
Project("{2150E333-8FDC-42A3-9474-1A3956D46DE8}") = "Counter", "Counter", "{FFD0C806-3AB6-4ECB-B383-D152E2B1F72E}"
EndProject
Project("{2150E333-8FDC-42A3-9474-1A3956D46DE8}") = "WinForms", "WinForms", "{BD3A5122-E992-460D-8580-26772905475D}"
EndProject
Project("{FAE04EC0-301F-11D3-BF4B-00C04F79EFBC}") = "WinFormsCounterSample-gui", "Samples\Apps\WinForms\WinFormsCounterSample-gui\WinFormsCounterSample-gui.csproj", "{A57884A0-8747-6CBE-782C-A914028BE7A9}"
EndProject
Project("{2150E333-8FDC-42A3-9474-1A3956D46DE8}") = "WinUI3", "WinUI3", "{83CD6687-832A-4521-BCA8-C98BBCE07019}"
EndProject
Project("{FAE04EC0-301F-11D3-BF4B-00C04F79EFBC}") = "WinUI3CounterSample-gui", "Samples\Apps\WinUI3\WinUI3CounterSample-gui\WinUI3CounterSample-gui.csproj", "{913EDA22-008B-404A-8B2C-2BA390A332A9}"
EndProject
Project("{2150E333-8FDC-42A3-9474-1A3956D46DE8}") = "Photino", "Photino", "{44D38999-2709-4C26-ADD3-2AF33F88E77F}"
EndProject
Project("{FAE04EC0-301F-11D3-BF4B-00C04F79EFBC}") = "PhotinoHtmlCounterSample-gui", "Samples\Apps\Photino\PhotinoHtmlCounterSample-gui\PhotinoHtmlCounterSample-gui.csproj", "{B8D49037-E20B-44D7-ABF0-6BA3B934A6F6}"
EndProject
Project("{FAE04EC0-301F-11D3-BF4B-00C04F79EFBC}") = "yamvu.Extensions.WinForms", "Libraries\yamvu.Extensions.WinForms\yamvu.Extensions.WinForms.csproj", "{E83C9C00-A64F-462F-BC36-783055FC287B}"
EndProject
Global
	GlobalSection(SolutionConfigurationPlatforms) = preSolution
		Debug|Any CPU = Debug|Any CPU
		Release|Any CPU = Release|Any CPU
	EndGlobalSection
	GlobalSection(ProjectConfigurationPlatforms) = postSolution
		{BE106203-DFAA-80CC-3BC3-03552F5C5040}.Debug|Any CPU.ActiveCfg = Debug|Any CPU
		{BE106203-DFAA-80CC-3BC3-03552F5C5040}.Debug|Any CPU.Build.0 = Debug|Any CPU
		{BE106203-DFAA-80CC-3BC3-03552F5C5040}.Release|Any CPU.ActiveCfg = Release|Any CPU
		{BE106203-DFAA-80CC-3BC3-03552F5C5040}.Release|Any CPU.Build.0 = Release|Any CPU
		{CCE09C0E-7431-4AE4-B6AD-7AB80E9BEA9A}.Debug|Any CPU.ActiveCfg = Debug|Any CPU
		{CCE09C0E-7431-4AE4-B6AD-7AB80E9BEA9A}.Debug|Any CPU.Build.0 = Debug|Any CPU
		{CCE09C0E-7431-4AE4-B6AD-7AB80E9BEA9A}.Release|Any CPU.ActiveCfg = Release|Any CPU
		{CCE09C0E-7431-4AE4-B6AD-7AB80E9BEA9A}.Release|Any CPU.Build.0 = Release|Any CPU
		{63F00D92-10BA-48CB-ADC2-71F1CBF486FE}.Debug|Any CPU.ActiveCfg = Debug|Any CPU
		{63F00D92-10BA-48CB-ADC2-71F1CBF486FE}.Debug|Any CPU.Build.0 = Debug|Any CPU
		{63F00D92-10BA-48CB-ADC2-71F1CBF486FE}.Release|Any CPU.ActiveCfg = Release|Any CPU
		{63F00D92-10BA-48CB-ADC2-71F1CBF486FE}.Release|Any CPU.Build.0 = Release|Any CPU
		{69688CE1-C2E7-4AE6-87C8-B2C3CAA19008}.Debug|Any CPU.ActiveCfg = Debug|Any CPU
		{69688CE1-C2E7-4AE6-87C8-B2C3CAA19008}.Debug|Any CPU.Build.0 = Debug|Any CPU
		{69688CE1-C2E7-4AE6-87C8-B2C3CAA19008}.Release|Any CPU.ActiveCfg = Release|Any CPU
		{69688CE1-C2E7-4AE6-87C8-B2C3CAA19008}.Release|Any CPU.Build.0 = Release|Any CPU
		{BF58B768-278F-4421-8AA4-141AA915923A}.Debug|Any CPU.ActiveCfg = Debug|Any CPU
		{BF58B768-278F-4421-8AA4-141AA915923A}.Debug|Any CPU.Build.0 = Debug|Any CPU
		{BF58B768-278F-4421-8AA4-141AA915923A}.Release|Any CPU.ActiveCfg = Release|Any CPU
		{BF58B768-278F-4421-8AA4-141AA915923A}.Release|Any CPU.Build.0 = Release|Any CPU
		{13267EB4-AA32-48A1-968E-37CAC9C70D95}.Debug|Any CPU.ActiveCfg = Debug|Any CPU
		{13267EB4-AA32-48A1-968E-37CAC9C70D95}.Debug|Any CPU.Build.0 = Debug|Any CPU
		{13267EB4-AA32-48A1-968E-37CAC9C70D95}.Release|Any CPU.ActiveCfg = Release|Any CPU
		{13267EB4-AA32-48A1-968E-37CAC9C70D95}.Release|Any CPU.Build.0 = Release|Any CPU
		{A57884A0-8747-6CBE-782C-A914028BE7A9}.Debug|Any CPU.ActiveCfg = Debug|Any CPU
		{A57884A0-8747-6CBE-782C-A914028BE7A9}.Debug|Any CPU.Build.0 = Debug|Any CPU
		{A57884A0-8747-6CBE-782C-A914028BE7A9}.Release|Any CPU.ActiveCfg = Release|Any CPU
		{A57884A0-8747-6CBE-782C-A914028BE7A9}.Release|Any CPU.Build.0 = Release|Any CPU
		{913EDA22-008B-404A-8B2C-2BA390A332A9}.Debug|Any CPU.ActiveCfg = Debug|x64
		{913EDA22-008B-404A-8B2C-2BA390A332A9}.Debug|Any CPU.Build.0 = Debug|x64
		{913EDA22-008B-404A-8B2C-2BA390A332A9}.Debug|Any CPU.Deploy.0 = Debug|x64
		{913EDA22-008B-404A-8B2C-2BA390A332A9}.Release|Any CPU.ActiveCfg = Release|x64
		{913EDA22-008B-404A-8B2C-2BA390A332A9}.Release|Any CPU.Build.0 = Release|x64
		{913EDA22-008B-404A-8B2C-2BA390A332A9}.Release|Any CPU.Deploy.0 = Release|x64
		{B8D49037-E20B-44D7-ABF0-6BA3B934A6F6}.Debug|Any CPU.ActiveCfg = Debug|Any CPU
		{B8D49037-E20B-44D7-ABF0-6BA3B934A6F6}.Debug|Any CPU.Build.0 = Debug|Any CPU
		{B8D49037-E20B-44D7-ABF0-6BA3B934A6F6}.Release|Any CPU.ActiveCfg = Release|Any CPU
		{B8D49037-E20B-44D7-ABF0-6BA3B934A6F6}.Release|Any CPU.Build.0 = Release|Any CPU
		{E83C9C00-A64F-462F-BC36-783055FC287B}.Debug|Any CPU.ActiveCfg = Debug|Any CPU
		{E83C9C00-A64F-462F-BC36-783055FC287B}.Debug|Any CPU.Build.0 = Debug|Any CPU
		{E83C9C00-A64F-462F-BC36-783055FC287B}.Release|Any CPU.ActiveCfg = Release|Any CPU
		{E83C9C00-A64F-462F-BC36-783055FC287B}.Release|Any CPU.Build.0 = Release|Any CPU
	EndGlobalSection
	GlobalSection(SolutionProperties) = preSolution
		HideSolutionNode = FALSE
	EndGlobalSection
	GlobalSection(NestedProjects) = preSolution
		{BE106203-DFAA-80CC-3BC3-03552F5C5040} = {AF2212B1-E0DE-4B87-B36F-DDA31E936700}
		{CCE09C0E-7431-4AE4-B6AD-7AB80E9BEA9A} = {02EA681E-C7D8-13C7-8484-4AC65E1B71E8}
		{63F00D92-10BA-48CB-ADC2-71F1CBF486FE} = {02EA681E-C7D8-13C7-8484-4AC65E1B71E8}
		{69688CE1-C2E7-4AE6-87C8-B2C3CAA19008} = {FFD0C806-3AB6-4ECB-B383-D152E2B1F72E}
		{AF2212B1-E0DE-4B87-B36F-DDA31E936700} = {B743B789-F6C5-4005-A000-F68749E35B9A}
		{BF58B768-278F-4421-8AA4-141AA915923A} = {FFD0C806-3AB6-4ECB-B383-D152E2B1F72E}
		{13267EB4-AA32-48A1-968E-37CAC9C70D95} = {02EA681E-C7D8-13C7-8484-4AC65E1B71E8}
		{0E97B37E-40EB-4DCF-8A88-5075F62A4471} = {15D4F636-9C6A-48DE-8A63-1234E98E8CD8}
		{B743B789-F6C5-4005-A000-F68749E35B9A} = {15D4F636-9C6A-48DE-8A63-1234E98E8CD8}
		{FFD0C806-3AB6-4ECB-B383-D152E2B1F72E} = {0E97B37E-40EB-4DCF-8A88-5075F62A4471}
		{BD3A5122-E992-460D-8580-26772905475D} = {B743B789-F6C5-4005-A000-F68749E35B9A}
		{A57884A0-8747-6CBE-782C-A914028BE7A9} = {BD3A5122-E992-460D-8580-26772905475D}
		{83CD6687-832A-4521-BCA8-C98BBCE07019} = {B743B789-F6C5-4005-A000-F68749E35B9A}
		{913EDA22-008B-404A-8B2C-2BA390A332A9} = {83CD6687-832A-4521-BCA8-C98BBCE07019}
		{44D38999-2709-4C26-ADD3-2AF33F88E77F} = {B743B789-F6C5-4005-A000-F68749E35B9A}
		{B8D49037-E20B-44D7-ABF0-6BA3B934A6F6} = {44D38999-2709-4C26-ADD3-2AF33F88E77F}
		{E83C9C00-A64F-462F-BC36-783055FC287B} = {02EA681E-C7D8-13C7-8484-4AC65E1B71E8}
	EndGlobalSection
	GlobalSection(ExtensibilityGlobals) = postSolution
		SolutionGuid = {D1147934-6BA8-408D-ACE5-E2ACF9064C3F}
	EndGlobalSection
EndGlobal
